schema: '2.0'
stages:
  refresh_source:
    cmd: python src/refresh_source_capta.py
    deps:
    - path: config/source_capta
      md5: 0f0de40904b24e11c79766c93b21166b.dir
      size: 11174
      nfiles: 3
    - path: src/np_scraper.py
      md5: 63bebdc7a2aeedf6b337cb8669270a3d
      size: 5591
    - path: src/np_source_captaset.py
      md5: e3ceeee9f0e8a86a76ef90e6f2cbeff5
      size: 2487
    - path: src/refresh_source_capta.py
      md5: 4e8e6f0bb540164a6982c4b830590c02
      size: 1767
    outs:
    - path: capta/source/nps_monthly_visitors.csv
      md5: 69fe4e9ebd3b00aa0fd60e88576b40da
      size: 23993
